
Microsoft Visual Studio Solution File, Format Version 12.00
# Visual Studio Version 16
VisualStudioVersion = 16.0.29424.173
MinimumVisualStudioVersion = 10.0.40219.1
Project("{FAE04EC0-301F-11D3-BF4B-00C04F79EFBC}") = "mongoDriver", "mongoDriver\mongoDriver.csproj", "{C74BB970-918B-4989-B986-35F1F390B03C}"
EndProject
Project("{FAE04EC0-301F-11D3-BF4B-00C04F79EFBC}") = "mongoDriver.Tests", "mongoDriver.Tests\mongoDriver.Tests.csproj", "{2B0387CD-9E2A-4ADA-A1B7-49B39E85E8E6}"
EndProject
Global
	GlobalSection(SolutionConfigurationPlatforms) = preSolution
		Debug|Any CPU = Debug|Any CPU
		Release|Any CPU = Release|Any CPU
	EndGlobalSection
	GlobalSection(ProjectConfigurationPlatforms) = postSolution
		{C74BB970-918B-4989-B986-35F1F390B03C}.Debug|Any CPU.ActiveCfg = Debug|Any CPU
		{C74BB970-918B-4989-B986-35F1F390B03C}.Debug|Any CPU.Build.0 = Debug|Any CPU
		{C74BB970-918B-4989-B986-35F1F390B03C}.Release|Any CPU.ActiveCfg = Release|Any CPU
		{C74BB970-918B-4989-B986-35F1F390B03C}.Release|Any CPU.Build.0 = Release|Any CPU
		{2B0387CD-9E2A-4ADA-A1B7-49B39E85E8E6}.Debug|Any CPU.ActiveCfg = Debug|Any CPU
		{2B0387CD-9E2A-4ADA-A1B7-49B39E85E8E6}.Debug|Any CPU.Build.0 = Debug|Any CPU
		{2B0387CD-9E2A-4ADA-A1B7-49B39E85E8E6}.Release|Any CPU.ActiveCfg = Release|Any CPU
		{2B0387CD-9E2A-4ADA-A1B7-49B39E85E8E6}.Release|Any CPU.Build.0 = Release|Any CPU
	EndGlobalSection
	GlobalSection(SolutionProperties) = preSolution
		HideSolutionNode = FALSE
	EndGlobalSection
	GlobalSection(ExtensibilityGlobals) = postSolution
		SolutionGuid = {2A7D0D87-6BC8-4759-9A35-313C447DCEB7}
	EndGlobalSection
EndGlobal
